
Microsoft Visual Studio Solution File, Format Version 12.00
# Visual Studio 2012
Project("{FAE04EC0-301F-11D3-BF4B-00C04F79EFBC}") = "ParserDecenaTerrestre", "ParserDecenaTerrestre\ParserDecenaTerrestre.csproj", "{89C7DDFE-110C-41DC-A11B-754669CCDD46}"
EndProject
Project("{FAE04EC0-301F-11D3-BF4B-00C04F79EFBC}") = "PruebasParser", "PruebasParser\PruebasParser.csproj", "{1BA7EC00-E1E0-43D5-8886-75B75EAB6B5E}"
EndProject
Global
	GlobalSection(SolutionConfigurationPlatforms) = preSolution
		Debug|x86 = Debug|x86
		Release|x86 = Release|x86
	EndGlobalSection
	GlobalSection(ProjectConfigurationPlatforms) = postSolution
		{89C7DDFE-110C-41DC-A11B-754669CCDD46}.Debug|x86.ActiveCfg = Debug|x86
		{89C7DDFE-110C-41DC-A11B-754669CCDD46}.Debug|x86.Build.0 = Debug|x86
		{89C7DDFE-110C-41DC-A11B-754669CCDD46}.Release|x86.ActiveCfg = Release|x86
		{89C7DDFE-110C-41DC-A11B-754669CCDD46}.Release|x86.Build.0 = Release|x86
		{1BA7EC00-E1E0-43D5-8886-75B75EAB6B5E}.Debug|x86.ActiveCfg = Debug|Any CPU
		{1BA7EC00-E1E0-43D5-8886-75B75EAB6B5E}.Debug|x86.Build.0 = Debug|Any CPU
		{1BA7EC00-E1E0-43D5-8886-75B75EAB6B5E}.Release|x86.ActiveCfg = Release|Any CPU
		{1BA7EC00-E1E0-43D5-8886-75B75EAB6B5E}.Release|x86.Build.0 = Release|Any CPU
	EndGlobalSection
EndGlobal
